
Microsoft Visual Studio Solution File, Format Version 12.00
# Visual Studio 15
VisualStudioVersion = 15.0.26124.0
MinimumVisualStudioVersion = 15.0.26124.0
Project("{FAE04EC0-301F-11D3-BF4B-00C04F79EFBC}") = "Day1", "Day1\Day1.csproj", "{E56282CD-D14C-41D3-BC61-D03286A0D6E7}"
EndProject
Project("{FAE04EC0-301F-11D3-BF4B-00C04F79EFBC}") = "Day2", "Day2\Day2.csproj", "{410033D6-8C25-4CA5-B199-F1785DECFBC9}"
EndProject
Project("{FAE04EC0-301F-11D3-BF4B-00C04F79EFBC}") = "Day3", "Day3\Day3.csproj", "{3C164391-0147-4024-8A6B-CC6F863592B7}"
EndProject
Project("{FAE04EC0-301F-11D3-BF4B-00C04F79EFBC}") = "Day4", "Day4\Day4.csproj", "{1C780CCB-C98D-4704-A33D-501D7B14F2E3}"
EndProject
Project("{FAE04EC0-301F-11D3-BF4B-00C04F79EFBC}") = "Day5", "Day5\Day5.csproj", "{4362D4FB-112A-499B-9928-BF37953E1603}"
EndProject
Project("{FAE04EC0-301F-11D3-BF4B-00C04F79EFBC}") = "Day6", "Day6\Day6.csproj", "{68082FE3-1E5A-447E-9D2E-74C32A95F1A2}"
EndProject
Project("{FAE04EC0-301F-11D3-BF4B-00C04F79EFBC}") = "Day7", "Day7\Day7.csproj", "{520F09DF-C29D-48FB-976A-2C3241428D27}"
EndProject
Project("{FAE04EC0-301F-11D3-BF4B-00C04F79EFBC}") = "Day8", "Day8\Day8.csproj", "{11CE9832-38A9-40D4-9FA6-2BF3C88A2F97}"
EndProject
Project("{FAE04EC0-301F-11D3-BF4B-00C04F79EFBC}") = "Day9", "Day9\Day9.csproj", "{D163B52E-2A7E-414D-BAF7-C30555276AE7}"
EndProject
Project("{FAE04EC0-301F-11D3-BF4B-00C04F79EFBC}") = "Day10", "Day10\Day10.csproj", "{CF257347-BB26-46C7-90DE-26E5E3BC6092}"
EndProject
Project("{FAE04EC0-301F-11D3-BF4B-00C04F79EFBC}") = "Day11", "Day11\Day11.csproj", "{8B822BE7-0F12-4614-8C38-395430F373D1}"
EndProject
Project("{FAE04EC0-301F-11D3-BF4B-00C04F79EFBC}") = "Day12", "Day12\Day12.csproj", "{22EE04D9-A702-4670-8F52-CFDD7B440B10}"
EndProject
Project("{FAE04EC0-301F-11D3-BF4B-00C04F79EFBC}") = "Day13", "Day13\Day13.csproj", "{C26DE451-8A1F-4D72-A240-F9A7CFAF52E9}"
EndProject
Project("{FAE04EC0-301F-11D3-BF4B-00C04F79EFBC}") = "Day14", "Day14\Day14.csproj", "{B3462D84-0D20-4499-8A69-E7D4888B2A94}"
EndProject
Project("{FAE04EC0-301F-11D3-BF4B-00C04F79EFBC}") = "Day15", "Day15\Day15.csproj", "{E1E8CC28-86F2-47A1-9038-30B2D1C51803}"
EndProject
Project("{FAE04EC0-301F-11D3-BF4B-00C04F79EFBC}") = "Day16", "Day16\Day16.csproj", "{2EEFE717-56EF-4339-928A-D584C0A062E0}"
EndProject
Global
	GlobalSection(SolutionConfigurationPlatforms) = preSolution
		Debug|Any CPU = Debug|Any CPU
		Debug|x64 = Debug|x64
		Debug|x86 = Debug|x86
		Release|Any CPU = Release|Any CPU
		Release|x64 = Release|x64
		Release|x86 = Release|x86
	EndGlobalSection
	GlobalSection(SolutionProperties) = preSolution
		HideSolutionNode = FALSE
	EndGlobalSection
	GlobalSection(ProjectConfigurationPlatforms) = postSolution
		{E56282CD-D14C-41D3-BC61-D03286A0D6E7}.Debug|Any CPU.ActiveCfg = Debug|Any CPU
		{E56282CD-D14C-41D3-BC61-D03286A0D6E7}.Debug|Any CPU.Build.0 = Debug|Any CPU
		{E56282CD-D14C-41D3-BC61-D03286A0D6E7}.Debug|x64.ActiveCfg = Debug|Any CPU
		{E56282CD-D14C-41D3-BC61-D03286A0D6E7}.Debug|x64.Build.0 = Debug|Any CPU
		{E56282CD-D14C-41D3-BC61-D03286A0D6E7}.Debug|x86.ActiveCfg = Debug|Any CPU
		{E56282CD-D14C-41D3-BC61-D03286A0D6E7}.Debug|x86.Build.0 = Debug|Any CPU
		{E56282CD-D14C-41D3-BC61-D03286A0D6E7}.Release|Any CPU.ActiveCfg = Release|Any CPU
		{E56282CD-D14C-41D3-BC61-D03286A0D6E7}.Release|Any CPU.Build.0 = Release|Any CPU
		{E56282CD-D14C-41D3-BC61-D03286A0D6E7}.Release|x64.ActiveCfg = Release|Any CPU
		{E56282CD-D14C-41D3-BC61-D03286A0D6E7}.Release|x64.Build.0 = Release|Any CPU
		{E56282CD-D14C-41D3-BC61-D03286A0D6E7}.Release|x86.ActiveCfg = Release|Any CPU
		{E56282CD-D14C-41D3-BC61-D03286A0D6E7}.Release|x86.Build.0 = Release|Any CPU
		{410033D6-8C25-4CA5-B199-F1785DECFBC9}.Debug|Any CPU.ActiveCfg = Debug|Any CPU
		{410033D6-8C25-4CA5-B199-F1785DECFBC9}.Debug|Any CPU.Build.0 = Debug|Any CPU
		{410033D6-8C25-4CA5-B199-F1785DECFBC9}.Debug|x64.ActiveCfg = Debug|Any CPU
		{410033D6-8C25-4CA5-B199-F1785DECFBC9}.Debug|x64.Build.0 = Debug|Any CPU
		{410033D6-8C25-4CA5-B199-F1785DECFBC9}.Debug|x86.ActiveCfg = Debug|Any CPU
		{410033D6-8C25-4CA5-B199-F1785DECFBC9}.Debug|x86.Build.0 = Debug|Any CPU
		{410033D6-8C25-4CA5-B199-F1785DECFBC9}.Release|Any CPU.ActiveCfg = Release|Any CPU
		{410033D6-8C25-4CA5-B199-F1785DECFBC9}.Release|Any CPU.Build.0 = Release|Any CPU
		{410033D6-8C25-4CA5-B199-F1785DECFBC9}.Release|x64.ActiveCfg = Release|Any CPU
		{410033D6-8C25-4CA5-B199-F1785DECFBC9}.Release|x64.Build.0 = Release|Any CPU
		{410033D6-8C25-4CA5-B199-F1785DECFBC9}.Release|x86.ActiveCfg = Release|Any CPU
		{410033D6-8C25-4CA5-B199-F1785DECFBC9}.Release|x86.Build.0 = Release|Any CPU
		{3C164391-0147-4024-8A6B-CC6F863592B7}.Debug|Any CPU.ActiveCfg = Debug|Any CPU
		{3C164391-0147-4024-8A6B-CC6F863592B7}.Debug|Any CPU.Build.0 = Debug|Any CPU
		{3C164391-0147-4024-8A6B-CC6F863592B7}.Debug|x64.ActiveCfg = Debug|Any CPU
		{3C164391-0147-4024-8A6B-CC6F863592B7}.Debug|x64.Build.0 = Debug|Any CPU
		{3C164391-0147-4024-8A6B-CC6F863592B7}.Debug|x86.ActiveCfg = Debug|Any CPU
		{3C164391-0147-4024-8A6B-CC6F863592B7}.Debug|x86.Build.0 = Debug|Any CPU
		{3C164391-0147-4024-8A6B-CC6F863592B7}.Release|Any CPU.ActiveCfg = Release|Any CPU
		{3C164391-0147-4024-8A6B-CC6F863592B7}.Release|Any CPU.Build.0 = Release|Any CPU
		{3C164391-0147-4024-8A6B-CC6F863592B7}.Release|x64.ActiveCfg = Release|Any CPU
		{3C164391-0147-4024-8A6B-CC6F863592B7}.Release|x64.Build.0 = Release|Any CPU
		{3C164391-0147-4024-8A6B-CC6F863592B7}.Release|x86.ActiveCfg = Release|Any CPU
		{3C164391-0147-4024-8A6B-CC6F863592B7}.Release|x86.Build.0 = Release|Any CPU
		{1C780CCB-C98D-4704-A33D-501D7B14F2E3}.Debug|Any CPU.ActiveCfg = Debug|Any CPU
		{1C780CCB-C98D-4704-A33D-501D7B14F2E3}.Debug|Any CPU.Build.0 = Debug|Any CPU
		{1C780CCB-C98D-4704-A33D-501D7B14F2E3}.Debug|x64.ActiveCfg = Debug|Any CPU
		{1C780CCB-C98D-4704-A33D-501D7B14F2E3}.Debug|x64.Build.0 = Debug|Any CPU
		{1C780CCB-C98D-4704-A33D-501D7B14F2E3}.Debug|x86.ActiveCfg = Debug|Any CPU
		{1C780CCB-C98D-4704-A33D-501D7B14F2E3}.Debug|x86.Build.0 = Debug|Any CPU
		{1C780CCB-C98D-4704-A33D-501D7B14F2E3}.Release|Any CPU.ActiveCfg = Release|Any CPU
		{1C780CCB-C98D-4704-A33D-501D7B14F2E3}.Release|Any CPU.Build.0 = Release|Any CPU
		{1C780CCB-C98D-4704-A33D-501D7B14F2E3}.Release|x64.ActiveCfg = Release|Any CPU
		{1C780CCB-C98D-4704-A33D-501D7B14F2E3}.Release|x64.Build.0 = Release|Any CPU
		{1C780CCB-C98D-4704-A33D-501D7B14F2E3}.Release|x86.ActiveCfg = Release|Any CPU
		{1C780CCB-C98D-4704-A33D-501D7B14F2E3}.Release|x86.Build.0 = Release|Any CPU
		{4362D4FB-112A-499B-9928-BF37953E1603}.Debug|Any CPU.ActiveCfg = Debug|Any CPU
		{4362D4FB-112A-499B-9928-BF37953E1603}.Debug|Any CPU.Build.0 = Debug|Any CPU
		{4362D4FB-112A-499B-9928-BF37953E1603}.Debug|x64.ActiveCfg = Debug|Any CPU
		{4362D4FB-112A-499B-9928-BF37953E1603}.Debug|x64.Build.0 = Debug|Any CPU
		{4362D4FB-112A-499B-9928-BF37953E1603}.Debug|x86.ActiveCfg = Debug|Any CPU
		{4362D4FB-112A-499B-9928-BF37953E1603}.Debug|x86.Build.0 = Debug|Any CPU
		{4362D4FB-112A-499B-9928-BF37953E1603}.Release|Any CPU.ActiveCfg = Release|Any CPU
		{4362D4FB-112A-499B-9928-BF37953E1603}.Release|Any CPU.Build.0 = Release|Any CPU
		{4362D4FB-112A-499B-9928-BF37953E1603}.Release|x64.ActiveCfg = Release|Any CPU
		{4362D4FB-112A-499B-9928-BF37953E1603}.Release|x64.Build.0 = Release|Any CPU
		{4362D4FB-112A-499B-9928-BF37953E1603}.Release|x86.ActiveCfg = Release|Any CPU
		{4362D4FB-112A-499B-9928-BF37953E1603}.Release|x86.Build.0 = Release|Any CPU
		{68082FE3-1E5A-447E-9D2E-74C32A95F1A2}.Debug|Any CPU.ActiveCfg = Debug|Any CPU
		{68082FE3-1E5A-447E-9D2E-74C32A95F1A2}.Debug|Any CPU.Build.0 = Debug|Any CPU
		{68082FE3-1E5A-447E-9D2E-74C32A95F1A2}.Debug|x64.ActiveCfg = Debug|Any CPU
		{68082FE3-1E5A-447E-9D2E-74C32A95F1A2}.Debug|x64.Build.0 = Debug|Any CPU
		{68082FE3-1E5A-447E-9D2E-74C32A95F1A2}.Debug|x86.ActiveCfg = Debug|Any CPU
		{68082FE3-1E5A-447E-9D2E-74C32A95F1A2}.Debug|x86.Build.0 = Debug|Any CPU
		{68082FE3-1E5A-447E-9D2E-74C32A95F1A2}.Release|Any CPU.ActiveCfg = Release|Any CPU
		{68082FE3-1E5A-447E-9D2E-74C32A95F1A2}.Release|Any CPU.Build.0 = Release|Any CPU
		{68082FE3-1E5A-447E-9D2E-74C32A95F1A2}.Release|x64.ActiveCfg = Release|Any CPU
		{68082FE3-1E5A-447E-9D2E-74C32A95F1A2}.Release|x64.Build.0 = Release|Any CPU
		{68082FE3-1E5A-447E-9D2E-74C32A95F1A2}.Release|x86.ActiveCfg = Release|Any CPU
		{68082FE3-1E5A-447E-9D2E-74C32A95F1A2}.Release|x86.Build.0 = Release|Any CPU
		{520F09DF-C29D-48FB-976A-2C3241428D27}.Debug|Any CPU.ActiveCfg = Debug|Any CPU
		{520F09DF-C29D-48FB-976A-2C3241428D27}.Debug|Any CPU.Build.0 = Debug|Any CPU
		{520F09DF-C29D-48FB-976A-2C3241428D27}.Debug|x64.ActiveCfg = Debug|Any CPU
		{520F09DF-C29D-48FB-976A-2C3241428D27}.Debug|x64.Build.0 = Debug|Any CPU
		{520F09DF-C29D-48FB-976A-2C3241428D27}.Debug|x86.ActiveCfg = Debug|Any CPU
		{520F09DF-C29D-48FB-976A-2C3241428D27}.Debug|x86.Build.0 = Debug|Any CPU
		{520F09DF-C29D-48FB-976A-2C3241428D27}.Release|Any CPU.ActiveCfg = Release|Any CPU
		{520F09DF-C29D-48FB-976A-2C3241428D27}.Release|Any CPU.Build.0 = Release|Any CPU
		{520F09DF-C29D-48FB-976A-2C3241428D27}.Release|x64.ActiveCfg = Release|Any CPU
		{520F09DF-C29D-48FB-976A-2C3241428D27}.Release|x64.Build.0 = Release|Any CPU
		{520F09DF-C29D-48FB-976A-2C3241428D27}.Release|x86.ActiveCfg = Release|Any CPU
		{520F09DF-C29D-48FB-976A-2C3241428D27}.Release|x86.Build.0 = Release|Any CPU
		{11CE9832-38A9-40D4-9FA6-2BF3C88A2F97}.Debug|Any CPU.ActiveCfg = Debug|Any CPU
		{11CE9832-38A9-40D4-9FA6-2BF3C88A2F97}.Debug|Any CPU.Build.0 = Debug|Any CPU
		{11CE9832-38A9-40D4-9FA6-2BF3C88A2F97}.Debug|x64.ActiveCfg = Debug|Any CPU
		{11CE9832-38A9-40D4-9FA6-2BF3C88A2F97}.Debug|x64.Build.0 = Debug|Any CPU
		{11CE9832-38A9-40D4-9FA6-2BF3C88A2F97}.Debug|x86.ActiveCfg = Debug|Any CPU
		{11CE9832-38A9-40D4-9FA6-2BF3C88A2F97}.Debug|x86.Build.0 = Debug|Any CPU
		{11CE9832-38A9-40D4-9FA6-2BF3C88A2F97}.Release|Any CPU.ActiveCfg = Release|Any CPU
		{11CE9832-38A9-40D4-9FA6-2BF3C88A2F97}.Release|Any CPU.Build.0 = Release|Any CPU
		{11CE9832-38A9-40D4-9FA6-2BF3C88A2F97}.Release|x64.ActiveCfg = Release|Any CPU
		{11CE9832-38A9-40D4-9FA6-2BF3C88A2F97}.Release|x64.Build.0 = Release|Any CPU
		{11CE9832-38A9-40D4-9FA6-2BF3C88A2F97}.Release|x86.ActiveCfg = Release|Any CPU
		{11CE9832-38A9-40D4-9FA6-2BF3C88A2F97}.Release|x86.Build.0 = Release|Any CPU
		{D163B52E-2A7E-414D-BAF7-C30555276AE7}.Debug|Any CPU.ActiveCfg = Debug|Any CPU
		{D163B52E-2A7E-414D-BAF7-C30555276AE7}.Debug|Any CPU.Build.0 = Debug|Any CPU
		{D163B52E-2A7E-414D-BAF7-C30555276AE7}.Debug|x64.ActiveCfg = Debug|Any CPU
		{D163B52E-2A7E-414D-BAF7-C30555276AE7}.Debug|x64.Build.0 = Debug|Any CPU
		{D163B52E-2A7E-414D-BAF7-C30555276AE7}.Debug|x86.ActiveCfg = Debug|Any CPU
		{D163B52E-2A7E-414D-BAF7-C30555276AE7}.Debug|x86.Build.0 = Debug|Any CPU
		{D163B52E-2A7E-414D-BAF7-C30555276AE7}.Release|Any CPU.ActiveCfg = Release|Any CPU
		{D163B52E-2A7E-414D-BAF7-C30555276AE7}.Release|Any CPU.Build.0 = Release|Any CPU
		{D163B52E-2A7E-414D-BAF7-C30555276AE7}.Release|x64.ActiveCfg = Release|Any CPU
		{D163B52E-2A7E-414D-BAF7-C30555276AE7}.Release|x64.Build.0 = Release|Any CPU
		{D163B52E-2A7E-414D-BAF7-C30555276AE7}.Release|x86.ActiveCfg = Release|Any CPU
		{D163B52E-2A7E-414D-BAF7-C30555276AE7}.Release|x86.Build.0 = Release|Any CPU
		{CF257347-BB26-46C7-90DE-26E5E3BC6092}.Debug|Any CPU.ActiveCfg = Debug|Any CPU
		{CF257347-BB26-46C7-90DE-26E5E3BC6092}.Debug|Any CPU.Build.0 = Debug|Any CPU
		{CF257347-BB26-46C7-90DE-26E5E3BC6092}.Debug|x64.ActiveCfg = Debug|Any CPU
		{CF257347-BB26-46C7-90DE-26E5E3BC6092}.Debug|x64.Build.0 = Debug|Any CPU
		{CF257347-BB26-46C7-90DE-26E5E3BC6092}.Debug|x86.ActiveCfg = Debug|Any CPU
		{CF257347-BB26-46C7-90DE-26E5E3BC6092}.Debug|x86.Build.0 = Debug|Any CPU
		{CF257347-BB26-46C7-90DE-26E5E3BC6092}.Release|Any CPU.ActiveCfg = Release|Any CPU
		{CF257347-BB26-46C7-90DE-26E5E3BC6092}.Release|Any CPU.Build.0 = Release|Any CPU
		{CF257347-BB26-46C7-90DE-26E5E3BC6092}.Release|x64.ActiveCfg = Release|Any CPU
		{CF257347-BB26-46C7-90DE-26E5E3BC6092}.Release|x64.Build.0 = Release|Any CPU
		{CF257347-BB26-46C7-90DE-26E5E3BC6092}.Release|x86.ActiveCfg = Release|Any CPU
		{CF257347-BB26-46C7-90DE-26E5E3BC6092}.Release|x86.Build.0 = Release|Any CPU
		{8B822BE7-0F12-4614-8C38-395430F373D1}.Debug|Any CPU.ActiveCfg = Debug|Any CPU
		{8B822BE7-0F12-4614-8C38-395430F373D1}.Debug|Any CPU.Build.0 = Debug|Any CPU
		{8B822BE7-0F12-4614-8C38-395430F373D1}.Debug|x64.ActiveCfg = Debug|Any CPU
		{8B822BE7-0F12-4614-8C38-395430F373D1}.Debug|x64.Build.0 = Debug|Any CPU
		{8B822BE7-0F12-4614-8C38-395430F373D1}.Debug|x86.ActiveCfg = Debug|Any CPU
		{8B822BE7-0F12-4614-8C38-395430F373D1}.Debug|x86.Build.0 = Debug|Any CPU
		{8B822BE7-0F12-4614-8C38-395430F373D1}.Release|Any CPU.ActiveCfg = Release|Any CPU
		{8B822BE7-0F12-4614-8C38-395430F373D1}.Release|Any CPU.Build.0 = Release|Any CPU
		{8B822BE7-0F12-4614-8C38-395430F373D1}.Release|x64.ActiveCfg = Release|Any CPU
		{8B822BE7-0F12-4614-8C38-395430F373D1}.Release|x64.Build.0 = Release|Any CPU
		{8B822BE7-0F12-4614-8C38-395430F373D1}.Release|x86.ActiveCfg = Release|Any CPU
		{8B822BE7-0F12-4614-8C38-395430F373D1}.Release|x86.Build.0 = Release|Any CPU
		{22EE04D9-A702-4670-8F52-CFDD7B440B10}.Debug|Any CPU.ActiveCfg = Debug|Any CPU
		{22EE04D9-A702-4670-8F52-CFDD7B440B10}.Debug|Any CPU.Build.0 = Debug|Any CPU
		{22EE04D9-A702-4670-8F52-CFDD7B440B10}.Debug|x64.ActiveCfg = Debug|Any CPU
		{22EE04D9-A702-4670-8F52-CFDD7B440B10}.Debug|x64.Build.0 = Debug|Any CPU
		{22EE04D9-A702-4670-8F52-CFDD7B440B10}.Debug|x86.ActiveCfg = Debug|Any CPU
		{22EE04D9-A702-4670-8F52-CFDD7B440B10}.Debug|x86.Build.0 = Debug|Any CPU
		{22EE04D9-A702-4670-8F52-CFDD7B440B10}.Release|Any CPU.ActiveCfg = Release|Any CPU
		{22EE04D9-A702-4670-8F52-CFDD7B440B10}.Release|Any CPU.Build.0 = Release|Any CPU
		{22EE04D9-A702-4670-8F52-CFDD7B440B10}.Release|x64.ActiveCfg = Release|Any CPU
		{22EE04D9-A702-4670-8F52-CFDD7B440B10}.Release|x64.Build.0 = Release|Any CPU
		{22EE04D9-A702-4670-8F52-CFDD7B440B10}.Release|x86.ActiveCfg = Release|Any CPU
		{22EE04D9-A702-4670-8F52-CFDD7B440B10}.Release|x86.Build.0 = Release|Any CPU
		{C26DE451-8A1F-4D72-A240-F9A7CFAF52E9}.Debug|Any CPU.ActiveCfg = Debug|Any CPU
		{C26DE451-8A1F-4D72-A240-F9A7CFAF52E9}.Debug|Any CPU.Build.0 = Debug|Any CPU
		{C26DE451-8A1F-4D72-A240-F9A7CFAF52E9}.Debug|x64.ActiveCfg = Debug|Any CPU
		{C26DE451-8A1F-4D72-A240-F9A7CFAF52E9}.Debug|x64.Build.0 = Debug|Any CPU
		{C26DE451-8A1F-4D72-A240-F9A7CFAF52E9}.Debug|x86.ActiveCfg = Debug|Any CPU
		{C26DE451-8A1F-4D72-A240-F9A7CFAF52E9}.Debug|x86.Build.0 = Debug|Any CPU
		{C26DE451-8A1F-4D72-A240-F9A7CFAF52E9}.Release|Any CPU.ActiveCfg = Release|Any CPU
		{C26DE451-8A1F-4D72-A240-F9A7CFAF52E9}.Release|Any CPU.Build.0 = Release|Any CPU
		{C26DE451-8A1F-4D72-A240-F9A7CFAF52E9}.Release|x64.ActiveCfg = Release|Any CPU
		{C26DE451-8A1F-4D72-A240-F9A7CFAF52E9}.Release|x64.Build.0 = Release|Any CPU
		{C26DE451-8A1F-4D72-A240-F9A7CFAF52E9}.Release|x86.ActiveCfg = Release|Any CPU
		{C26DE451-8A1F-4D72-A240-F9A7CFAF52E9}.Release|x86.Build.0 = Release|Any CPU
		{B3462D84-0D20-4499-8A69-E7D4888B2A94}.Debug|Any CPU.ActiveCfg = Debug|Any CPU
		{B3462D84-0D20-4499-8A69-E7D4888B2A94}.Debug|Any CPU.Build.0 = Debug|Any CPU
		{B3462D84-0D20-4499-8A69-E7D4888B2A94}.Debug|x64.ActiveCfg = Debug|Any CPU
		{B3462D84-0D20-4499-8A69-E7D4888B2A94}.Debug|x64.Build.0 = Debug|Any CPU
		{B3462D84-0D20-4499-8A69-E7D4888B2A94}.Debug|x86.ActiveCfg = Debug|Any CPU
		{B3462D84-0D20-4499-8A69-E7D4888B2A94}.Debug|x86.Build.0 = Debug|Any CPU
		{B3462D84-0D20-4499-8A69-E7D4888B2A94}.Release|Any CPU.ActiveCfg = Release|Any CPU
		{B3462D84-0D20-4499-8A69-E7D4888B2A94}.Release|Any CPU.Build.0 = Release|Any CPU
		{B3462D84-0D20-4499-8A69-E7D4888B2A94}.Release|x64.ActiveCfg = Release|Any CPU
		{B3462D84-0D20-4499-8A69-E7D4888B2A94}.Release|x64.Build.0 = Release|Any CPU
		{B3462D84-0D20-4499-8A69-E7D4888B2A94}.Release|x86.ActiveCfg = Release|Any CPU
		{B3462D84-0D20-4499-8A69-E7D4888B2A94}.Release|x86.Build.0 = Release|Any CPU
		{E1E8CC28-86F2-47A1-9038-30B2D1C51803}.Debug|Any CPU.ActiveCfg = Debug|Any CPU
		{E1E8CC28-86F2-47A1-9038-30B2D1C51803}.Debug|Any CPU.Build.0 = Debug|Any CPU
		{E1E8CC28-86F2-47A1-9038-30B2D1C51803}.Debug|x64.ActiveCfg = Debug|Any CPU
		{E1E8CC28-86F2-47A1-9038-30B2D1C51803}.Debug|x64.Build.0 = Debug|Any CPU
		{E1E8CC28-86F2-47A1-9038-30B2D1C51803}.Debug|x86.ActiveCfg = Debug|Any CPU
		{E1E8CC28-86F2-47A1-9038-30B2D1C51803}.Debug|x86.Build.0 = Debug|Any CPU
		{E1E8CC28-86F2-47A1-9038-30B2D1C51803}.Release|Any CPU.ActiveCfg = Release|Any CPU
		{E1E8CC28-86F2-47A1-9038-30B2D1C51803}.Release|Any CPU.Build.0 = Release|Any CPU
		{E1E8CC28-86F2-47A1-9038-30B2D1C51803}.Release|x64.ActiveCfg = Release|Any CPU
		{E1E8CC28-86F2-47A1-9038-30B2D1C51803}.Release|x64.Build.0 = Release|Any CPU
		{E1E8CC28-86F2-47A1-9038-30B2D1C51803}.Release|x86.ActiveCfg = Release|Any CPU
		{E1E8CC28-86F2-47A1-9038-30B2D1C51803}.Release|x86.Build.0 = Release|Any CPU
		{2EEFE717-56EF-4339-928A-D584C0A062E0}.Debug|Any CPU.ActiveCfg = Debug|Any CPU
		{2EEFE717-56EF-4339-928A-D584C0A062E0}.Debug|Any CPU.Build.0 = Debug|Any CPU
		{2EEFE717-56EF-4339-928A-D584C0A062E0}.Debug|x64.ActiveCfg = Debug|Any CPU
		{2EEFE717-56EF-4339-928A-D584C0A062E0}.Debug|x64.Build.0 = Debug|Any CPU
		{2EEFE717-56EF-4339-928A-D584C0A062E0}.Debug|x86.ActiveCfg = Debug|Any CPU
		{2EEFE717-56EF-4339-928A-D584C0A062E0}.Debug|x86.Build.0 = Debug|Any CPU
		{2EEFE717-56EF-4339-928A-D584C0A062E0}.Release|Any CPU.ActiveCfg = Release|Any CPU
		{2EEFE717-56EF-4339-928A-D584C0A062E0}.Release|Any CPU.Build.0 = Release|Any CPU
		{2EEFE717-56EF-4339-928A-D584C0A062E0}.Release|x64.ActiveCfg = Release|Any CPU
		{2EEFE717-56EF-4339-928A-D584C0A062E0}.Release|x64.Build.0 = Release|Any CPU
		{2EEFE717-56EF-4339-928A-D584C0A062E0}.Release|x86.ActiveCfg = Release|Any CPU
		{2EEFE717-56EF-4339-928A-D584C0A062E0}.Release|x86.Build.0 = Release|Any CPU
	EndGlobalSection
EndGlobal
